
Microsoft Visual Studio Solution File, Format Version 12.00
# Visual Studio Version 17
VisualStudioVersion = 17.13.35931.197 d17.13
MinimumVisualStudioVersion = 10.0.40219.1
Project("{FAE04EC0-301F-11D3-BF4B-00C04F79EFBC}") = "ViewModelExample", "ViewModelExample\ViewModelExample.csproj", "{EAD96626-83E4-43D7-97B2-19644FE2C64B}"
EndProject
Global
	GlobalSection(SolutionConfigurationPlatforms) = preSolution
		Debug|Any CPU = Debug|Any CPU
		Release|Any CPU = Release|Any CPU
	EndGlobalSection
	GlobalSection(ProjectConfigurationPlatforms) = postSolution
		{EAD96626-83E4-43D7-97B2-19644FE2C64B}.Debug|Any CPU.ActiveCfg = Debug|Any CPU
		{EAD96626-83E4-43D7-97B2-19644FE2C64B}.Debug|Any CPU.Build.0 = Debug|Any CPU
		{EAD96626-83E4-43D7-97B2-19644FE2C64B}.Release|Any CPU.ActiveCfg = Release|Any CPU
		{EAD96626-83E4-43D7-97B2-19644FE2C64B}.Release|Any CPU.Build.0 = Release|Any CPU
	EndGlobalSection
	GlobalSection(SolutionProperties) = preSolution
		HideSolutionNode = FALSE
	EndGlobalSection
	GlobalSection(ExtensibilityGlobals) = postSolution
		SolutionGuid = {1514C957-FF46-4782-A1A8-70A9B17EA8EC}
	EndGlobalSection
EndGlobal
