
Microsoft Visual Studio Solution File, Format Version 12.00
# Visual Studio Version 17
VisualStudioVersion = 17.13.35931.197 d17.13
MinimumVisualStudioVersion = 10.0.40219.1
Project("{FAE04EC0-301F-11D3-BF4B-00C04F79EFBC}") = "DataBindings", "DataBindings\DataBindings.csproj", "{367775EE-3CAD-43CB-B965-F0CB7369D4E8}"
EndProject
Global
	GlobalSection(SolutionConfigurationPlatforms) = preSolution
		Debug|Any CPU = Debug|Any CPU
		Release|Any CPU = Release|Any CPU
	EndGlobalSection
	GlobalSection(ProjectConfigurationPlatforms) = postSolution
		{367775EE-3CAD-43CB-B965-F0CB7369D4E8}.Debug|Any CPU.ActiveCfg = Debug|Any CPU
		{367775EE-3CAD-43CB-B965-F0CB7369D4E8}.Debug|Any CPU.Build.0 = Debug|Any CPU
		{367775EE-3CAD-43CB-B965-F0CB7369D4E8}.Release|Any CPU.ActiveCfg = Release|Any CPU
		{367775EE-3CAD-43CB-B965-F0CB7369D4E8}.Release|Any CPU.Build.0 = Release|Any CPU
	EndGlobalSection
	GlobalSection(SolutionProperties) = preSolution
		HideSolutionNode = FALSE
	EndGlobalSection
	GlobalSection(ExtensibilityGlobals) = postSolution
		SolutionGuid = {FFFBD26D-B7B5-4E57-A37A-6068D01C6D43}
	EndGlobalSection
EndGlobal
