
Microsoft Visual Studio Solution File, Format Version 12.00
# Visual Studio Version 17
VisualStudioVersion = 17.13.35931.197 d17.13
MinimumVisualStudioVersion = 10.0.40219.1
Project("{54A90642-561A-4BB1-A94E-469ADEE60C69}") = "ecommercefullstack.client", "ecommercefullstack.client\ecommercefullstack.client.esproj", "{8535D1DD-63A0-7A76-313D-3E690205FCF8}"
EndProject
Project("{FAE04EC0-301F-11D3-BF4B-00C04F79EFBC}") = "EcommerceFullStack.Server", "EcommerceFullStack.Server\EcommerceFullStack.Server.csproj", "{5804D9C8-6B9D-4907-A548-3576EBE2FE0A}"
EndProject
Global
	GlobalSection(SolutionConfigurationPlatforms) = preSolution
		Debug|Any CPU = Debug|Any CPU
		Release|Any CPU = Release|Any CPU
	EndGlobalSection
	GlobalSection(ProjectConfigurationPlatforms) = postSolution
		{8535D1DD-63A0-7A76-313D-3E690205FCF8}.Debug|Any CPU.ActiveCfg = Debug|Any CPU
		{8535D1DD-63A0-7A76-313D-3E690205FCF8}.Debug|Any CPU.Build.0 = Debug|Any CPU
		{8535D1DD-63A0-7A76-313D-3E690205FCF8}.Debug|Any CPU.Deploy.0 = Debug|Any CPU
		{8535D1DD-63A0-7A76-313D-3E690205FCF8}.Release|Any CPU.ActiveCfg = Release|Any CPU
		{8535D1DD-63A0-7A76-313D-3E690205FCF8}.Release|Any CPU.Build.0 = Release|Any CPU
		{8535D1DD-63A0-7A76-313D-3E690205FCF8}.Release|Any CPU.Deploy.0 = Release|Any CPU
		{5804D9C8-6B9D-4907-A548-3576EBE2FE0A}.Debug|Any CPU.ActiveCfg = Debug|Any CPU
		{5804D9C8-6B9D-4907-A548-3576EBE2FE0A}.Debug|Any CPU.Build.0 = Debug|Any CPU
		{5804D9C8-6B9D-4907-A548-3576EBE2FE0A}.Release|Any CPU.ActiveCfg = Release|Any CPU
		{5804D9C8-6B9D-4907-A548-3576EBE2FE0A}.Release|Any CPU.Build.0 = Release|Any CPU
	EndGlobalSection
	GlobalSection(SolutionProperties) = preSolution
		HideSolutionNode = FALSE
	EndGlobalSection
	GlobalSection(ExtensibilityGlobals) = postSolution
		SolutionGuid = {D071599B-E723-4171-BD13-0E47075044DE}
	EndGlobalSection
EndGlobal
